// !$*UTF8*$!
{
	archiveVersion = 1;
	classes = {
	};
	objectVersion = 50;
	objects = {

/* Begin PBXBuildFile section */
		BA4AC95026C32344008956F8 /* AppDelegate.swift in Sources */ = {isa = PBXBuildFile; fileRef = BA4AC94F26C32344008956F8 /* AppDelegate.swift */; };
		BA4AC95226C32344008956F8 /* SceneDelegate.swift in Sources */ = {isa = PBXBuildFile; fileRef = BA4AC95126C32344008956F8 /* SceneDelegate.swift */; };
		BA4AC95426C32344008956F8 /* ContentView.swift in Sources */ = {isa = PBXBuildFile; fileRef = BA4AC95326C32344008956F8 /* ContentView.swift */; };
		BA4AC95726C32344008956F8 /* Selfies.xcdatamodeld in Sources */ = {isa = PBXBuildFile; fileRef = BA4AC95526C32344008956F8 /* Selfies.xcdatamodeld */; };
		BA4AC95926C3234B008956F8 /* Assets.xcassets in Resources */ = {isa = PBXBuildFile; fileRef = BA4AC95826C3234B008956F8 /* Assets.xcassets */; };
		BA4AC95C26C3234B008956F8 /* Preview Assets.xcassets in Resources */ = {isa = PBXBuildFile; fileRef = BA4AC95B26C3234B008956F8 /* Preview Assets.xcassets */; };
		BA4AC95F26C3234B008956F8 /* LaunchScreen.storyboard in Resources */ = {isa = PBXBuildFile; fileRef = BA4AC95D26C3234B008956F8 /* LaunchScreen.storyboard */; };
/* End PBXBuildFile section */

/* Begin PBXFileReference section */
		BA4AC94C26C32344008956F8 /* Selfies.app */ = {isa = PBXFileReference; explicitFileType = wrapper.application; includeInIndex = 0; path = Selfies.app; sourceTree = BUILT_PRODUCTS_DIR; };
		BA4AC94F26C32344008956F8 /* AppDelegate.swift */ = {isa = PBXFileReference; lastKnownFileType = sourcecode.swift; path = AppDelegate.swift; sourceTree = "<group>"; };
		BA4AC95126C32344008956F8 /* SceneDelegate.swift */ = {isa = PBXFileReference; lastKnownFileType = sourcecode.swift; path = SceneDelegate.swift; sourceTree = "<group>"; };
		BA4AC95326C32344008956F8 /* ContentView.swift */ = {isa = PBXFileReference; lastKnownFileType = sourcecode.swift; path = ContentView.swift; sourceTree = "<group>"; };
		BA4AC95626C32344008956F8 /* Selfies.xcdatamodel */ = {isa = PBXFileReference; lastKnownFileType = wrapper.xcdatamodel; path = Selfies.xcdatamodel; sourceTree = "<group>"; };
		BA4AC95826C3234B008956F8 /* Assets.xcassets */ = {isa = PBXFileReference; lastKnownFileType = folder.assetcatalog; path = Assets.xcassets; sourceTree = "<group>"; };
		BA4AC95B26C3234B008956F8 /* Preview Assets.xcassets */ = {isa = PBXFileReference; lastKnownFileType = folder.assetcatalog; path = "Preview Assets.xcassets"; sourceTree = "<group>"; };
		BA4AC95E26C3234B008956F8 /* Base */ = {isa = PBXFileReference; lastKnownFileType = file.storyboard; name = Base; path = Base.lproj/LaunchScreen.storyboard; sourceTree = "<group>"; };
		BA4AC96026C3234B008956F8 /* Info.plist */ = {isa = PBXFileReference; lastKnownFileType = text.plist.xml; path = Info.plist; sourceTree = "<group>"; };
/* End PBXFileReference section */

/* Begin PBXFrameworksBuildPhase section */
		BA4AC94926C32344008956F8 /* Frameworks */ = {
			isa = PBXFrameworksBuildPhase;
			buildActionMask = 2147483647;
			files = (
			);
			runOnlyForDeploymentPostprocessing = 0;
		};
/* End PBXFrameworksBuildPhase section */

/* Begin PBXGroup section */
		BA4AC94326C32344008956F8 = {
			isa = PBXGroup;
			children = (
				BA4AC94E26C32344008956F8 /* Selfies */,
				BA4AC94D26C32344008956F8 /* Products */,
			);
			sourceTree = "<group>";
		};
		BA4AC94D26C32344008956F8 /* Products */ = {
			isa = PBXGroup;
			children = (
				BA4AC94C26C32344008956F8 /* Selfies.app */,
			);
			name = Products;
			sourceTree = "<group>";
		};
		BA4AC94E26C32344008956F8 /* Selfies */ = {
			isa = PBXGroup;
			children = (
				BA4AC94F26C32344008956F8 /* AppDelegate.swift */,
				BA4AC95126C32344008956F8 /* SceneDelegate.swift */,
				BA4AC95326C32344008956F8 /* ContentView.swift */,
				BA4AC95826C3234B008956F8 /* Assets.xcassets */,
				BA4AC95D26C3234B008956F8 /* LaunchScreen.storyboard */,
				BA4AC96026C3234B008956F8 /* Info.plist */,
				BA4AC95526C32344008956F8 /* Selfies.xcdatamodeld */,
				BA4AC95A26C3234B008956F8 /* Preview Content */,
			);
			path = Selfies;
			sourceTree = "<group>";
		};
		BA4AC95A26C3234B008956F8 /* Preview Content */ = {
			isa = PBXGroup;
			children = (
				BA4AC95B26C3234B008956F8 /* Preview Assets.xcassets */,
			);
			path = "Preview Content";
			sourceTree = "<group>";
		};
/* End PBXGroup section */

/* Begin PBXNativeTarget section */
		BA4AC94B26C32344008956F8 /* Selfies */ = {
			isa = PBXNativeTarget;
			buildConfigurationList = BA4AC96326C3234B008956F8 /* Build configuration list for PBXNativeTarget "Selfies" */;
			buildPhases = (
				BA4AC94826C32344008956F8 /* Sources */,
				BA4AC94926C32344008956F8 /* Frameworks */,
				BA4AC94A26C32344008956F8 /* Resources */,
			);
			buildRules = (
			);
			dependencies = (
			);
			name = Selfies;
			productName = Selfies;
			productReference = BA4AC94C26C32344008956F8 /* Selfies.app */;
			productType = "com.apple.product-type.application";
		};
/* End PBXNativeTarget section */

/* Begin PBXProject section */
		BA4AC94426C32344008956F8 /* Project object */ = {
			isa = PBXProject;
			attributes = {
				LastSwiftUpdateCheck = 1250;
				LastUpgradeCheck = 1250;
				TargetAttributes = {
					BA4AC94B26C32344008956F8 = {
						CreatedOnToolsVersion = 12.5.1;
					};
				};
			};
			buildConfigurationList = BA4AC94726C32344008956F8 /* Build configuration list for PBXProject "Selfies" */;
			compatibilityVersion = "Xcode 9.3";
			developmentRegion = en;
			hasScannedForEncodings = 0;
			knownRegions = (
				en,
				Base,
			);
			mainGroup = BA4AC94326C32344008956F8;
			productRefGroup = BA4AC94D26C32344008956F8 /* Products */;
			projectDirPath = "";
			projectRoot = "";
			targets = (
				BA4AC94B26C32344008956F8 /* Selfies */,
			);
		};
/* End PBXProject section */

/* Begin PBXResourcesBuildPhase section */
		BA4AC94A26C32344008956F8 /* Resources */ = {
			isa = PBXResourcesBuildPhase;
			buildActionMask = 2147483647;
			files = (
				BA4AC95F26C3234B008956F8 /* LaunchScreen.storyboard in Resources */,
				BA4AC95C26C3234B008956F8 /* Preview Assets.xcassets in Resources */,
				BA4AC95926C3234B008956F8 /* Assets.xcassets in Resources */,
			);
			runOnlyForDeploymentPostprocessing = 0;
		};
/* End PBXResourcesBuildPhase section */

/* Begin PBXSourcesBuildPhase section */
		BA4AC94826C32344008956F8 /* Sources */ = {
			isa = PBXSourcesBuildPhase;
			buildActionMask = 2147483647;
			files = (
				BA4AC95026C32344008956F8 /* AppDelegate.swift in Sources */,
				BA4AC95226C32344008956F8 /* SceneDelegate.swift in Sources */,
				BA4AC95426C32344008956F8 /* ContentView.swift in Sources */,
				BA4AC95726C32344008956F8 /* Selfies.xcdatamodeld in Sources */,
			);
			runOnlyForDeploymentPostprocessing = 0;
		};
/* End PBXSourcesBuildPhase section */

/* Begin PBXVariantGroup section */
		BA4AC95D26C3234B008956F8 /* LaunchScreen.storyboard */ = {
			isa = PBXVariantGroup;
			children = (
				BA4AC95E26C3234B008956F8 /* Base */,
			);
			name = LaunchScreen.storyboard;
			sourceTree = "<group>";
		};
/* End PBXVariantGroup section */

/* Begin XCBuildConfiguration section */
		BA4AC96126C3234B008956F8 /* Debug */ = {
			isa = XCBuildConfiguration;
			buildSettings = {
				ALWAYS_SEARCH_USER_PATHS = NO;
				CLANG_ANALYZER_NONNULL = YES;
				CLANG_ANALYZER_NUMBER_OBJECT_CONVERSION = YES_AGGRESSIVE;
				CLANG_CXX_LANGUAGE_STANDARD = "gnu++14";
				CLANG_CXX_LIBRARY = "libc++";
				CLANG_ENABLE_MODULES = YES;
				CLANG_ENABLE_OBJC_ARC = YES;
				CLANG_ENABLE_OBJC_WEAK = YES;
				CLANG_WARN_BLOCK_CAPTURE_AUTORELEASING = YES;
				CLANG_WARN_BOOL_CONVERSION = YES;
				CLANG_WARN_COMMA = YES;
				CLANG_WARN_CONSTANT_CONVERSION = YES;
				CLANG_WARN_DEPRECATED_OBJC_IMPLEMENTATIONS = YES;
				CLANG_WARN_DIRECT_OBJC_ISA_USAGE = YES_ERROR;
				CLANG_WARN_DOCUMENTATION_COMMENTS = YES;
				CLANG_WARN_EMPTY_BODY = YES;
				CLANG_WARN_ENUM_CONVERSION = YES;
				CLANG_WARN_INFINITE_RECURSION = YES;
				CLANG_WARN_INT_CONVERSION = YES;
				CLANG_WARN_NON_LITERAL_NULL_CONVERSION = YES;
				CLANG_WARN_OBJC_IMPLICIT_RETAIN_SELF = YES;
				CLANG_WARN_OBJC_LITERAL_CONVERSION = YES;
				CLANG_WARN_OBJC_ROOT_CLASS = YES_ERROR;
				CLANG_WARN_QUOTED_INCLUDE_IN_FRAMEWORK_HEADER = YES;
				CLANG_WARN_RANGE_LOOP_ANALYSIS = YES;
				CLANG_WARN_STRICT_PROTOTYPES = YES;
				CLANG_WARN_SUSPICIOUS_MOVE = YES;
				CLANG_WARN_UNGUARDED_AVAILABILITY = YES_AGGRESSIVE;
				CLANG_WARN_UNREACHABLE_CODE = YES;
				CLANG_WARN__DUPLICATE_METHOD_MATCH = YES;
				COPY_PHASE_STRIP = NO;
				DEBUG_INFORMATION_FORMAT = dwarf;
				ENABLE_STRICT_OBJC_MSGSEND = YES;
				ENABLE_TESTABILITY = YES;
				GCC_C_LANGUAGE_STANDARD = gnu11;
				GCC_DYNAMIC_NO_PIC = NO;
				GCC_NO_COMMON_BLOCKS = YES;
				GCC_OPTIMIZATION_LEVEL = 0;
				GCC_PREPROCESSOR_DEFINITIONS = (
					"DEBUG=1",
					"$(inherited)",
				);
				GCC_WARN_64_TO_32_BIT_CONVERSION = YES;
				GCC_WARN_ABOUT_RETURN_TYPE = YES_ERROR;
				GCC_WARN_UNDECLARED_SELECTOR = YES;
				GCC_WARN_UNINITIALIZED_AUTOS = YES_AGGRESSIVE;
				GCC_WARN_UNUSED_FUNCTION = YES;
				GCC_WARN_UNUSED_VARIABLE = YES;
				IPHONEOS_DEPLOYMENT_TARGET = 14.5;
				MTL_ENABLE_DEBUG_INFO = INCLUDE_SOURCE;
				MTL_FAST_MATH = YES;
				ONLY_ACTIVE_ARCH = YES;
				SDKROOT = iphoneos;
				SWIFT_ACTIVE_COMPILATION_CONDITIONS = DEBUG;
				SWIFT_OPTIMIZATION_LEVEL = "-Onone";
			};
			name = Debug;
		};
		BA4AC96226C3234B008956F8 /* Release */ = {
			isa = XCBuildConfiguration;
			buildSettings = {
				ALWAYS_SEARCH_USER_PATHS = NO;
				CLANG_ANALYZER_NONNULL = YES;
				CLANG_ANALYZER_NUMBER_OBJECT_CONVERSION = YES_AGGRESSIVE;
				CLANG_CXX_LANGUAGE_STANDARD = "gnu++14";
				CLANG_CXX_LIBRARY = "libc++";
				CLANG_ENABLE_MODULES = YES;
				CLANG_ENABLE_OBJC_ARC = YES;
				CLANG_ENABLE_OBJC_WEAK = YES;
				CLANG_WARN_BLOCK_CAPTURE_AUTORELEASING = YES;
				CLANG_WARN_BOOL_CONVERSION = YES;
				CLANG_WARN_COMMA = YES;
				CLANG_WARN_CONSTANT_CONVERSION = YES;
				CLANG_WARN_DEPRECATED_OBJC_IMPLEMENTATIONS = YES;
				CLANG_WARN_DIRECT_OBJC_ISA_USAGE = YES_ERROR;
				CLANG_WARN_DOCUMENTATION_COMMENTS = YES;
				CLANG_WARN_EMPTY_BODY = YES;
				CLANG_WARN_ENUM_CONVERSION = YES;
				CLANG_WARN_INFINITE_RECURSION = YES;
				CLANG_WARN_INT_CONVERSION = YES;
				CLANG_WARN_NON_LITERAL_NULL_CONVERSION = YES;
				CLANG_WARN_OBJC_IMPLICIT_RETAIN_SELF = YES;
				CLANG_WARN_OBJC_LITERAL_CONVERSION = YES;
				CLANG_WARN_OBJC_ROOT_CLASS = YES_ERROR;
				CLANG_WARN_QUOTED_INCLUDE_IN_FRAMEWORK_HEADER = YES;
				CLANG_WARN_RANGE_LOOP_ANALYSIS = YES;
				CLANG_WARN_STRICT_PROTOTYPES = YES;
				CLANG_WARN_SUSPICIOUS_MOVE = YES;
				CLANG_WARN_UNGUARDED_AVAILABILITY = YES_AGGRESSIVE;
				CLANG_WARN_UNREACHABLE_CODE = YES;
				CLANG_WARN__DUPLICATE_METHOD_MATCH = YES;
				COPY_PHASE_STRIP = NO;
				DEBUG_INFORMATION_FORMAT = "dwarf-with-dsym";
				ENABLE_NS_ASSERTIONS = NO;
				ENABLE_STRICT_OBJC_MSGSEND = YES;
				GCC_C_LANGUAGE_STANDARD = gnu11;
				GCC_NO_COMMON_BLOCKS = YES;
				GCC_WARN_64_TO_32_BIT_CONVERSION = YES;
				GCC_WARN_ABOUT_RETURN_TYPE = YES_ERROR;
				GCC_WARN_UNDECLARED_SELECTOR = YES;
				GCC_WARN_UNINITIALIZED_AUTOS = YES_AGGRESSIVE;
				GCC_WARN_UNUSED_FUNCTION = YES;
				GCC_WARN_UNUSED_VARIABLE = YES;
				IPHONEOS_DEPLOYMENT_TARGET = 14.5;
				MTL_ENABLE_DEBUG_INFO = NO;
				MTL_FAST_MATH = YES;
				SDKROOT = iphoneos;
				SWIFT_COMPILATION_MODE = wholemodule;
				SWIFT_OPTIMIZATION_LEVEL = "-O";
				VALIDATE_PRODUCT = YES;
			};
			name = Release;
		};
		BA4AC96426C3234B008956F8 /* Debug */ = {
			isa = XCBuildConfiguration;
			buildSettings = {
				ASSETCATALOG_COMPILER_APPICON_NAME = AppIcon;
				ASSETCATALOG_COMPILER_GLOBAL_ACCENT_COLOR_NAME = AccentColor;
				CODE_SIGN_STYLE = Automatic;
				DEVELOPMENT_ASSET_PATHS = "\"Selfies/Preview Content\"";
				DEVELOPMENT_TEAM = 7QNLA2YVU8;
				ENABLE_PREVIEWS = YES;
				INFOPLIST_FILE = Selfies/Info.plist;
				LD_RUNPATH_SEARCH_PATHS = (
					"$(inherited)",
					"@executable_path/Frameworks",
				);
				PRODUCT_BUNDLE_IDENTIFIER = com.andynadal.Selfies;
				PRODUCT_NAME = "$(TARGET_NAME)";
				SWIFT_VERSION = 5.0;
				TARGETED_DEVICE_FAMILY = "1,2";
			};
			name = Debug;
		};
		BA4AC96526C3234B008956F8 /* Release */ = {
			isa = XCBuildConfiguration;
			buildSettings = {
				ASSETCATALOG_COMPILER_APPICON_NAME = AppIcon;
				ASSETCATALOG_COMPILER_GLOBAL_ACCENT_COLOR_NAME = AccentColor;
				CODE_SIGN_STYLE = Automatic;
				DEVELOPMENT_ASSET_PATHS = "\"Selfies/Preview Content\"";
				DEVELOPMENT_TEAM = 7QNLA2YVU8;
				ENABLE_PREVIEWS = YES;
				INFOPLIST_FILE = Selfies/Info.plist;
				LD_RUNPATH_SEARCH_PATHS = (
					"$(inherited)",
					"@executable_path/Frameworks",
				);
				PRODUCT_BUNDLE_IDENTIFIER = com.andynadal.Selfies;
				PRODUCT_NAME = "$(TARGET_NAME)";
				SWIFT_VERSION = 5.0;
				TARGETED_DEVICE_FAMILY = "1,2";
			};
			name = Release;
		};
/* End XCBuildConfiguration section */

/* Begin XCConfigurationList section */
		BA4AC94726C32344008956F8 /* Build configuration list for PBXProject "Selfies" */ = {
			isa = XCConfigurationList;
			buildConfigurations = (
				BA4AC96126C3234B008956F8 /* Debug */,
				BA4AC96226C3234B008956F8 /* Release */,
			);
			defaultConfigurationIsVisible = 0;
			defaultConfigurationName = Release;
		};
		BA4AC96326C3234B008956F8 /* Build configuration list for PBXNativeTarget "Selfies" */ = {
			isa = XCConfigurationList;
			buildConfigurations = (
				BA4AC96426C3234B008956F8 /* Debug */,
				BA4AC96526C3234B008956F8 /* Release */,
			);
			defaultConfigurationIsVisible = 0;
			defaultConfigurationName = Release;
		};
/* End XCConfigurationList section */

/* Begin XCVersionGroup section */
		BA4AC95526C32344008956F8 /* Selfies.xcdatamodeld */ = {
			isa = XCVersionGroup;
			children = (
				BA4AC95626C32344008956F8 /* Selfies.xcdatamodel */,
			);
			currentVersion = BA4AC95626C32344008956F8 /* Selfies.xcdatamodel */;
			path = Selfies.xcdatamodeld;
			sourceTree = "<group>";
			versionGroupType = wrapper.xcdatamodel;
		};
/* End XCVersionGroup section */
	};
	rootObject = BA4AC94426C32344008956F8 /* Project object */;
}
